// !$*UTF8*$!
{
	archiveVersion = 1;
	classes = {
	};
	objectVersion = 46;
	objects = {

/* Begin PBXBuildFile section */
		3F7CC4371DC206A30041605C /* main.m in Sources */ = {isa = PBXBuildFile; fileRef = 3F7CC4361DC206A30041605C /* main.m */; };
		3F7CC43A1DC206A30041605C /* AppDelegate.m in Sources */ = {isa = PBXBuildFile; fileRef = 3F7CC4391DC206A30041605C /* AppDelegate.m */; };
		3F7CC43C1DC206A30041605C /* Assets.xcassets in Resources */ = {isa = PBXBuildFile; fileRef = 3F7CC43B1DC206A30041605C /* Assets.xcassets */; };
		3F7CC43F1DC206A30041605C /* LaunchScreen.storyboard in Resources */ = {isa = PBXBuildFile; fileRef = 3F7CC43D1DC206A30041605C /* LaunchScreen.storyboard */; };
		3F7CC44A1DC206A30041605C /* SoulscourTests.m in Sources */ = {isa = PBXBuildFile; fileRef = 3F7CC4491DC206A30041605C /* SoulscourTests.m */; };
		3F7CC4551DC206A30041605C /* SoulscourUITests.m in Sources */ = {isa = PBXBuildFile; fileRef = 3F7CC4541DC206A30041605C /* SoulscourUITests.m */; };
		3F7CC4781DC21E4C0041605C /* 未收藏.png in Resources */ = {isa = PBXBuildFile; fileRef = 3F7CC4631DC21E4C0041605C /* 未收藏.png */; settings = {ASSET_TAGS = (); }; };
		3F7CC4791DC21E4C0041605C /* 已收藏.png in Resources */ = {isa = PBXBuildFile; fileRef = 3F7CC4641DC21E4C0041605C /* 已收藏.png */; settings = {ASSET_TAGS = (); }; };
		3F7CC47A1DC21E4C0041605C /* FMDatabase.m in Sources */ = {isa = PBXBuildFile; fileRef = 3F7CC4671DC21E4C0041605C /* FMDatabase.m */; settings = {ASSET_TAGS = (); }; };
		3F7CC47B1DC21E4C0041605C /* FMDatabaseAdditions.m in Sources */ = {isa = PBXBuildFile; fileRef = 3F7CC4691DC21E4C0041605C /* FMDatabaseAdditions.m */; settings = {ASSET_TAGS = (); }; };
		3F7CC47C1DC21E4C0041605C /* FMDatabasePool.m in Sources */ = {isa = PBXBuildFile; fileRef = 3F7CC46B1DC21E4C0041605C /* FMDatabasePool.m */; settings = {ASSET_TAGS = (); }; };
		3F7CC47D1DC21E4C0041605C /* FMDatabaseQueue.m in Sources */ = {isa = PBXBuildFile; fileRef = 3F7CC46D1DC21E4C0041605C /* FMDatabaseQueue.m */; settings = {ASSET_TAGS = (); }; };
		3F7CC47E1DC21E4C0041605C /* FMResultSet.m in Sources */ = {isa = PBXBuildFile; fileRef = 3F7CC4701DC21E4C0041605C /* FMResultSet.m */; settings = {ASSET_TAGS = (); }; };
		3F7CC47F1DC21E4C0041605C /* PoeModel.m in Sources */ = {isa = PBXBuildFile; fileRef = 3F7CC4721DC21E4C0041605C /* PoeModel.m */; settings = {ASSET_TAGS = (); }; };
		3F7CC4801DC21E4C0041605C /* PoeTool.m in Sources */ = {isa = PBXBuildFile; fileRef = 3F7CC4741DC21E4C0041605C /* PoeTool.m */; settings = {ASSET_TAGS = (); }; };
		3F7CC4811DC21E4C0041605C /* PoeViewController.m in Sources */ = {isa = PBXBuildFile; fileRef = 3F7CC4761DC21E4C0041605C /* PoeViewController.m */; settings = {ASSET_TAGS = (); }; };
		3F7CC4821DC21E4C0041605C /* PoeViewController.xib in Resources */ = {isa = PBXBuildFile; fileRef = 3F7CC4771DC21E4C0041605C /* PoeViewController.xib */; settings = {ASSET_TAGS = (); }; };
		3F7CC4841DC21F380041605C /* libsqlite3.tbd in Frameworks */ = {isa = PBXBuildFile; fileRef = 3F7CC4831DC21F380041605C /* libsqlite3.tbd */; };
		3F7CC4881DC221C70041605C /* OtherViewController.m in Sources */ = {isa = PBXBuildFile; fileRef = 3F7CC4861DC221C70041605C /* OtherViewController.m */; settings = {ASSET_TAGS = (); }; };
		3F7CC4891DC221C70041605C /* OtherViewController.xib in Resources */ = {isa = PBXBuildFile; fileRef = 3F7CC4871DC221C70041605C /* OtherViewController.xib */; settings = {ASSET_TAGS = (); }; };
		3F7CC4961DC235730041605C /* Tag.m in Sources */ = {isa = PBXBuildFile; fileRef = 3F7CC4951DC235730041605C /* Tag.m */; settings = {ASSET_TAGS = (); }; };
		3FB93FDF1DC349E100157FEC /* 书本2.png in Resources */ = {isa = PBXBuildFile; fileRef = 3FB93FDD1DC349E100157FEC /* 书本2.png */; settings = {ASSET_TAGS = (); }; };
		3FB93FE01DC349E100157FEC /* 书本.png in Resources */ = {isa = PBXBuildFile; fileRef = 3FB93FDE1DC349E100157FEC /* 书本.png */; settings = {ASSET_TAGS = (); }; };
		3FB9400D1DC34A0E00157FEC /* CHCardItemCustomView.m in Sources */ = {isa = PBXBuildFile; fileRef = 3FB93FE31DC34A0E00157FEC /* CHCardItemCustomView.m */; settings = {ASSET_TAGS = (); }; };
		3FB9400E1DC34A0E00157FEC /* CHCardItemModel.m in Sources */ = {isa = PBXBuildFile; fileRef = 3FB93FE51DC34A0E00157FEC /* CHCardItemModel.m */; settings = {ASSET_TAGS = (); }; };
		3FB9400F1DC34A0E00157FEC /* CHCardItemView.m in Sources */ = {isa = PBXBuildFile; fileRef = 3FB93FE71DC34A0E00157FEC /* CHCardItemView.m */; settings = {ASSET_TAGS = (); }; };
		3FB940101DC34A0E00157FEC /* CHCardView.m in Sources */ = {isa = PBXBuildFile; fileRef = 3FB93FE91DC34A0E00157FEC /* CHCardView.m */; settings = {ASSET_TAGS = (); }; };
		3FB940121DC34A0E00157FEC /* LICENSE in Resources */ = {isa = PBXBuildFile; fileRef = 3FB93FED1DC34A0E00157FEC /* LICENSE */; settings = {ASSET_TAGS = (); }; };
		3FB940131DC34A0E00157FEC /* README.md in Sources */ = {isa = PBXBuildFile; fileRef = 3FB93FEE1DC34A0E00157FEC /* README.md */; settings = {ASSET_TAGS = (); }; };
		3FB940141DC34A0E00157FEC /* NSData+ImageContentType.m in Sources */ = {isa = PBXBuildFile; fileRef = 3FB93FF11DC34A0E00157FEC /* NSData+ImageContentType.m */; settings = {ASSET_TAGS = (); }; };
		3FB940151DC34A0E00157FEC /* SDImageCache.m in Sources */ = {isa = PBXBuildFile; fileRef = 3FB93FF31DC34A0E00157FEC /* SDImageCache.m */; settings = {ASSET_TAGS = (); }; };
		3FB940161DC34A0E00157FEC /* SDWebImageCompat.m in Sources */ = {isa = PBXBuildFile; fileRef = 3FB93FF51DC34A0E00157FEC /* SDWebImageCompat.m */; settings = {ASSET_TAGS = (); }; };
		3FB940171DC34A0E00157FEC /* SDWebImageDecoder.m in Sources */ = {isa = PBXBuildFile; fileRef = 3FB93FF71DC34A0E00157FEC /* SDWebImageDecoder.m */; settings = {ASSET_TAGS = (); }; };
		3FB940181DC34A0E00157FEC /* SDWebImageDownloader.m in Sources */ = {isa = PBXBuildFile; fileRef = 3FB93FF91DC34A0E00157FEC /* SDWebImageDownloader.m */; settings = {ASSET_TAGS = (); }; };
		3FB940191DC34A0E00157FEC /* SDWebImageDownloaderOperation.m in Sources */ = {isa = PBXBuildFile; fileRef = 3FB93FFB1DC34A0E00157FEC /* SDWebImageDownloaderOperation.m */; settings = {ASSET_TAGS = (); }; };
		3FB9401A1DC34A0E00157FEC /* SDWebImageManager.m in Sources */ = {isa = PBXBuildFile; fileRef = 3FB93FFD1DC34A0E00157FEC /* SDWebImageManager.m */; settings = {ASSET_TAGS = (); }; };
		3FB9401B1DC34A0E00157FEC /* SDWebImagePrefetcher.m in Sources */ = {isa = PBXBuildFile; fileRef = 3FB940001DC34A0E00157FEC /* SDWebImagePrefetcher.m */; settings = {ASSET_TAGS = (); }; };
		3FB9401C1DC34A0E00157FEC /* UIButton+WebCache.m in Sources */ = {isa = PBXBuildFile; fileRef = 3FB940021DC34A0E00157FEC /* UIButton+WebCache.m */; settings = {ASSET_TAGS = (); }; };
		3FB9401D1DC34A0E00157FEC /* UIImage+GIF.m in Sources */ = {isa = PBXBuildFile; fileRef = 3FB940041DC34A0E00157FEC /* UIImage+GIF.m */; settings = {ASSET_TAGS = (); }; };
		3FB9401E1DC34A0E00157FEC /* UIImage+MultiFormat.m in Sources */ = {isa = PBXBuildFile; fileRef = 3FB940061DC34A0E00157FEC /* UIImage+MultiFormat.m */; settings = {ASSET_TAGS = (); }; };
		3FB9401F1DC34A0E00157FEC /* UIImageView+HighlightedWebCache.m in Sources */ = {isa = PBXBuildFile; fileRef = 3FB940081DC34A0E00157FEC /* UIImageView+HighlightedWebCache.m */; settings = {ASSET_TAGS = (); }; };
		3FB940201DC34A0E00157FEC /* UIImageView+WebCache.m in Sources */ = {isa = PBXBuildFile; fileRef = 3FB9400A1DC34A0E00157FEC /* UIImageView+WebCache.m */; settings = {ASSET_TAGS = (); }; };
		3FB940211DC34A0E00157FEC /* UIView+WebCacheOperation.m in Sources */ = {isa = PBXBuildFile; fileRef = 3FB9400C1DC34A0E00157FEC /* UIView+WebCacheOperation.m */; settings = {ASSET_TAGS = (); }; };
		3FB940241DC34B7C00157FEC /* BezViewController.m in Sources */ = {isa = PBXBuildFile; fileRef = 3FB940231DC34B7C00157FEC /* BezViewController.m */; settings = {ASSET_TAGS = (); }; };
/* End PBXBuildFile section */

/* Begin PBXContainerItemProxy section */
		3F7CC4461DC206A30041605C /* PBXContainerItemProxy */ = {
			isa = PBXContainerItemProxy;
			containerPortal = 3F7CC42A1DC206A30041605C /* Project object */;
			proxyType = 1;
			remoteGlobalIDString = 3F7CC4311DC206A30041605C;
			remoteInfo = Soulscour;
		};
		3F7CC4511DC206A30041605C /* PBXContainerItemProxy */ = {
			isa = PBXContainerItemProxy;
			containerPortal = 3F7CC42A1DC206A30041605C /* Project object */;
			proxyType = 1;
			remoteGlobalIDString = 3F7CC4311DC206A30041605C;
			remoteInfo = Soulscour;
		};
/* End PBXContainerItemProxy section */

/* Begin PBXFileReference section */
		3F7CC4321DC206A30041605C /* Soulscour.app */ = {isa = PBXFileReference; explicitFileType = wrapper.application; includeInIndex = 0; path = Soulscour.app; sourceTree = BUILT_PRODUCTS_DIR; };
		3F7CC4361DC206A30041605C /* main.m */ = {isa = PBXFileReference; lastKnownFileType = sourcecode.c.objc; path = main.m; sourceTree = "<group>"; };
		3F7CC4381DC206A30041605C /* AppDelegate.h */ = {isa = PBXFileReference; lastKnownFileType = sourcecode.c.h; path = AppDelegate.h; sourceTree = "<group>"; };
		3F7CC4391DC206A30041605C /* AppDelegate.m */ = {isa = PBXFileReference; lastKnownFileType = sourcecode.c.objc; path = AppDelegate.m; sourceTree = "<group>"; };
		3F7CC43B1DC206A30041605C /* Assets.xcassets */ = {isa = PBXFileReference; lastKnownFileType = folder.assetcatalog; path = Assets.xcassets; sourceTree = "<group>"; };
		3F7CC43E1DC206A30041605C /* Base */ = {isa = PBXFileReference; lastKnownFileType = file.storyboard; name = Base; path = Base.lproj/LaunchScreen.storyboard; sourceTree = "<group>"; };
		3F7CC4401DC206A30041605C /* Info.plist */ = {isa = PBXFileReference; lastKnownFileType = text.plist.xml; path = Info.plist; sourceTree = "<group>"; };
		3F7CC4451DC206A30041605C /* SoulscourTests.xctest */ = {isa = PBXFileReference; explicitFileType = wrapper.cfbundle; includeInIndex = 0; path = SoulscourTests.xctest; sourceTree = BUILT_PRODUCTS_DIR; };
		3F7CC4491DC206A30041605C /* SoulscourTests.m */ = {isa = PBXFileReference; lastKnownFileType = sourcecode.c.objc; path = SoulscourTests.m; sourceTree = "<group>"; };
		3F7CC44B1DC206A30041605C /* Info.plist */ = {isa = PBXFileReference; lastKnownFileType = text.plist.xml; path = Info.plist; sourceTree = "<group>"; };
		3F7CC4501DC206A30041605C /* SoulscourUITests.xctest */ = {isa = PBXFileReference; explicitFileType = wrapper.cfbundle; includeInIndex = 0; path = SoulscourUITests.xctest; sourceTree = BUILT_PRODUCTS_DIR; };
		3F7CC4541DC206A30041605C /* SoulscourUITests.m */ = {isa = PBXFileReference; lastKnownFileType = sourcecode.c.objc; path = SoulscourUITests.m; sourceTree = "<group>"; };
		3F7CC4561DC206A30041605C /* Info.plist */ = {isa = PBXFileReference; lastKnownFileType = text.plist.xml; path = Info.plist; sourceTree = "<group>"; };
		3F7CC4631DC21E4C0041605C /* 未收藏.png */ = {isa = PBXFileReference; lastKnownFileType = image.png; path = "未收藏.png"; sourceTree = "<group>"; };
		3F7CC4641DC21E4C0041605C /* 已收藏.png */ = {isa = PBXFileReference; lastKnownFileType = image.png; path = "已收藏.png"; sourceTree = "<group>"; };
		3F7CC4661DC21E4C0041605C /* FMDatabase.h */ = {isa = PBXFileReference; fileEncoding = 4; lastKnownFileType = sourcecode.c.h; path = FMDatabase.h; sourceTree = "<group>"; };
		3F7CC4671DC21E4C0041605C /* FMDatabase.m */ = {isa = PBXFileReference; fileEncoding = 4; lastKnownFileType = sourcecode.c.objc; path = FMDatabase.m; sourceTree = "<group>"; };
		3F7CC4681DC21E4C0041605C /* FMDatabaseAdditions.h */ = {isa = PBXFileReference; fileEncoding = 4; lastKnownFileType = sourcecode.c.h; path = FMDatabaseAdditions.h; sourceTree = "<group>"; };
		3F7CC4691DC21E4C0041605C /* FMDatabaseAdditions.m */ = {isa = PBXFileReference; fileEncoding = 4; lastKnownFileType = sourcecode.c.objc; path = FMDatabaseAdditions.m; sourceTree = "<group>"; };
		3F7CC46A1DC21E4C0041605C /* FMDatabasePool.h */ = {isa = PBXFileReference; fileEncoding = 4; lastKnownFileType = sourcecode.c.h; path = FMDatabasePool.h; sourceTree = "<group>"; };
		3F7CC46B1DC21E4C0041605C /* FMDatabasePool.m */ = {isa = PBXFileReference; fileEncoding = 4; lastKnownFileType = sourcecode.c.objc; path = FMDatabasePool.m; sourceTree = "<group>"; };
		3F7CC46C1DC21E4C0041605C /* FMDatabaseQueue.h */ = {isa = PBXFileReference; fileEncoding = 4; lastKnownFileType = sourcecode.c.h; path = FMDatabaseQueue.h; sourceTree = "<group>"; };
		3F7CC46D1DC21E4C0041605C /* FMDatabaseQueue.m */ = {isa = PBXFileReference; fileEncoding = 4; lastKnownFileType = sourcecode.c.objc; path = FMDatabaseQueue.m; sourceTree = "<group>"; };
		3F7CC46E1DC21E4C0041605C /* FMDB.h */ = {isa = PBXFileReference; fileEncoding = 4; lastKnownFileType = sourcecode.c.h; path = FMDB.h; sourceTree = "<group>"; };
		3F7CC46F1DC21E4C0041605C /* FMResultSet.h */ = {isa = PBXFileReference; fileEncoding = 4; lastKnownFileType = sourcecode.c.h; path = FMResultSet.h; sourceTree = "<group>"; };
		3F7CC4701DC21E4C0041605C /* FMResultSet.m */ = {isa = PBXFileReference; fileEncoding = 4; lastKnownFileType = sourcecode.c.objc; path = FMResultSet.m; sourceTree = "<group>"; };
		3F7CC4711DC21E4C0041605C /* PoeModel.h */ = {isa = PBXFileReference; fileEncoding = 4; lastKnownFileType = sourcecode.c.h; path = PoeModel.h; sourceTree = "<group>"; };
		3F7CC4721DC21E4C0041605C /* PoeModel.m */ = {isa = PBXFileReference; fileEncoding = 4; lastKnownFileType = sourcecode.c.objc; path = PoeModel.m; sourceTree = "<group>"; };
		3F7CC4731DC21E4C0041605C /* PoeTool.h */ = {isa = PBXFileReference; fileEncoding = 4; lastKnownFileType = sourcecode.c.h; path = PoeTool.h; sourceTree = "<group>"; };
		3F7CC4741DC21E4C0041605C /* PoeTool.m */ = {isa = PBXFileReference; fileEncoding = 4; lastKnownFileType = sourcecode.c.objc; path = PoeTool.m; sourceTree = "<group>"; };
		3F7CC4751DC21E4C0041605C /* PoeViewController.h */ = {isa = PBXFileReference; fileEncoding = 4; lastKnownFileType = sourcecode.c.h; path = PoeViewController.h; sourceTree = "<group>"; };
		3F7CC4761DC21E4C0041605C /* PoeViewController.m */ = {isa = PBXFileReference; fileEncoding = 4; lastKnownFileType = sourcecode.c.objc; path = PoeViewController.m; sourceTree = "<group>"; };
		3F7CC4771DC21E4C0041605C /* PoeViewController.xib */ = {isa = PBXFileReference; fileEncoding = 4; lastKnownFileType = file.xib; path = PoeViewController.xib; sourceTree = "<group>"; };
		3F7CC4831DC21F380041605C /* libsqlite3.tbd */ = {isa = PBXFileReference; lastKnownFileType = "sourcecode.text-based-dylib-definition"; name = libsqlite3.tbd; path = usr/lib/libsqlite3.tbd; sourceTree = SDKROOT; };
		3F7CC4851DC221C70041605C /* OtherViewController.h */ = {isa = PBXFileReference; fileEncoding = 4; lastKnownFileType = sourcecode.c.h; path = OtherViewController.h; sourceTree = "<group>"; };
		3F7CC4861DC221C70041605C /* OtherViewController.m */ = {isa = PBXFileReference; fileEncoding = 4; lastKnownFileType = sourcecode.c.objc; path = OtherViewController.m; sourceTree = "<group>"; };
		3F7CC4871DC221C70041605C /* OtherViewController.xib */ = {isa = PBXFileReference; fileEncoding = 4; lastKnownFileType = file.xib; path = OtherViewController.xib; sourceTree = "<group>"; };
		3F7CC4941DC235730041605C /* Tag.h */ = {isa = PBXFileReference; fileEncoding = 4; lastKnownFileType = sourcecode.c.h; path = Tag.h; sourceTree = "<group>"; };
		3F7CC4951DC235730041605C /* Tag.m */ = {isa = PBXFileReference; fileEncoding = 4; lastKnownFileType = sourcecode.c.objc; path = Tag.m; sourceTree = "<group>"; };
		3FB93FDD1DC349E100157FEC /* 书本2.png */ = {isa = PBXFileReference; lastKnownFileType = image.png; path = "书本2.png"; sourceTree = "<group>"; };
		3FB93FDE1DC349E100157FEC /* 书本.png */ = {isa = PBXFileReference; lastKnownFileType = image.png; path = "书本.png"; sourceTree = "<group>"; };
		3FB93FE21DC34A0E00157FEC /* CHCardItemCustomView.h */ = {isa = PBXFileReference; fileEncoding = 4; lastKnownFileType = sourcecode.c.h; path = CHCardItemCustomView.h; sourceTree = "<group>"; };
		3FB93FE31DC34A0E00157FEC /* CHCardItemCustomView.m */ = {isa = PBXFileReference; fileEncoding = 4; lastKnownFileType = sourcecode.c.objc; path = CHCardItemCustomView.m; sourceTree = "<group>"; };
		3FB93FE41DC34A0E00157FEC /* CHCardItemModel.h */ = {isa = PBXFileReference; fileEncoding = 4; lastKnownFileType = sourcecode.c.h; path = CHCardItemModel.h; sourceTree = "<group>"; };
		3FB93FE51DC34A0E00157FEC /* CHCardItemModel.m */ = {isa = PBXFileReference; fileEncoding = 4; lastKnownFileType = sourcecode.c.objc; path = CHCardItemModel.m; sourceTree = "<group>"; };
		3FB93FE61DC34A0E00157FEC /* CHCardItemView.h */ = {isa = PBXFileReference; fileEncoding = 4; lastKnownFileType = sourcecode.c.h; path = CHCardItemView.h; sourceTree = "<group>"; };
		3FB93FE71DC34A0E00157FEC /* CHCardItemView.m */ = {isa = PBXFileReference; fileEncoding = 4; lastKnownFileType = sourcecode.c.objc; path = CHCardItemView.m; sourceTree = "<group>"; };
		3FB93FE81DC34A0E00157FEC /* CHCardView.h */ = {isa = PBXFileReference; fileEncoding = 4; lastKnownFileType = sourcecode.c.h; path = CHCardView.h; sourceTree = "<group>"; };
		3FB93FE91DC34A0E00157FEC /* CHCardView.m */ = {isa = PBXFileReference; fileEncoding = 4; lastKnownFileType = sourcecode.c.objc; path = CHCardView.m; sourceTree = "<group>"; };
		3FB93FED1DC34A0E00157FEC /* LICENSE */ = {isa = PBXFileReference; fileEncoding = 4; lastKnownFileType = text; path = LICENSE; sourceTree = "<group>"; };
		3FB93FEE1DC34A0E00157FEC /* README.md */ = {isa = PBXFileReference; fileEncoding = 4; lastKnownFileType = net.daringfireball.markdown; path = README.md; sourceTree = "<group>"; };
		3FB93FF01DC34A0E00157FEC /* NSData+ImageContentType.h */ = {isa = PBXFileReference; fileEncoding = 4; lastKnownFileType = sourcecode.c.h; path = "NSData+ImageContentType.h"; sourceTree = "<group>"; };
		3FB93FF11DC34A0E00157FEC /* NSData+ImageContentType.m */ = {isa = PBXFileReference; fileEncoding = 4; lastKnownFileType = sourcecode.c.objc; path = "NSData+ImageContentType.m"; sourceTree = "<group>"; };
		3FB93FF21DC34A0E00157FEC /* SDImageCache.h */ = {isa = PBXFileReference; fileEncoding = 4; lastKnownFileType = sourcecode.c.h; path = SDImageCache.h; sourceTree = "<group>"; };
		3FB93FF31DC34A0E00157FEC /* SDImageCache.m */ = {isa = PBXFileReference; fileEncoding = 4; lastKnownFileType = sourcecode.c.objc; path = SDImageCache.m; sourceTree = "<group>"; };
		3FB93FF41DC34A0E00157FEC /* SDWebImageCompat.h */ = {isa = PBXFileReference; fileEncoding = 4; lastKnownFileType = sourcecode.c.h; path = SDWebImageCompat.h; sourceTree = "<group>"; };
		3FB93FF51DC34A0E00157FEC /* SDWebImageCompat.m */ = {isa = PBXFileReference; fileEncoding = 4; lastKnownFileType = sourcecode.c.objc; path = SDWebImageCompat.m; sourceTree = "<group>"; };
		3FB93FF61DC34A0E00157FEC /* SDWebImageDecoder.h */ = {isa = PBXFileReference; fileEncoding = 4; lastKnownFileType = sourcecode.c.h; path = SDWebImageDecoder.h; sourceTree = "<group>"; };
		3FB93FF71DC34A0E00157FEC /* SDWebImageDecoder.m */ = {isa = PBXFileReference; fileEncoding = 4; lastKnownFileType = sourcecode.c.objc; path = SDWebImageDecoder.m; sourceTree = "<group>"; };
		3FB93FF81DC34A0E00157FEC /* SDWebImageDownloader.h */ = {isa = PBXFileReference; fileEncoding = 4; lastKnownFileType = sourcecode.c.h; path = SDWebImageDownloader.h; sourceTree = "<group>"; };
		3FB93FF91DC34A0E00157FEC /* SDWebImageDownloader.m */ = {isa = PBXFileReference; fileEncoding = 4; lastKnownFileType = sourcecode.c.objc; path = SDWebImageDownloader.m; sourceTree = "<group>"; };
		3FB93FFA1DC34A0E00157FEC /* SDWebImageDownloaderOperation.h */ = {isa = PBXFileReference; fileEncoding = 4; lastKnownFileType = sourcecode.c.h; path = SDWebImageDownloaderOperation.h; sourceTree = "<group>"; };
		3FB93FFB1DC34A0E00157FEC /* SDWebImageDownloaderOperation.m */ = {isa = PBXFileReference; fileEncoding = 4; lastKnownFileType = sourcecode.c.objc; path = SDWebImageDownloaderOperation.m; sourceTree = "<group>"; };
		3FB93FFC1DC34A0E00157FEC /* SDWebImageManager.h */ = {isa = PBXFileReference; fileEncoding = 4; lastKnownFileType = sourcecode.c.h; path = SDWebImageManager.h; sourceTree = "<group>"; };
		3FB93FFD1DC34A0E00157FEC /* SDWebImageManager.m */ = {isa = PBXFileReference; fileEncoding = 4; lastKnownFileType = sourcecode.c.objc; path = SDWebImageManager.m; sourceTree = "<group>"; };
		3FB93FFE1DC34A0E00157FEC /* SDWebImageOperation.h */ = {isa = PBXFileReference; fileEncoding = 4; lastKnownFileType = sourcecode.c.h; path = SDWebImageOperation.h; sourceTree = "<group>"; };
		3FB93FFF1DC34A0E00157FEC /* SDWebImagePrefetcher.h */ = {isa = PBXFileReference; fileEncoding = 4; lastKnownFileType = sourcecode.c.h; path = SDWebImagePrefetcher.h; sourceTree = "<group>"; };
		3FB940001DC34A0E00157FEC /* SDWebImagePrefetcher.m */ = {isa = PBXFileReference; fileEncoding = 4; lastKnownFileType = sourcecode.c.objc; path = SDWebImagePrefetcher.m; sourceTree = "<group>"; };
		3FB940011DC34A0E00157FEC /* UIButton+WebCache.h */ = {isa = PBXFileReference; fileEncoding = 4; lastKnownFileType = sourcecode.c.h; path = "UIButton+WebCache.h"; sourceTree = "<group>"; };
		3FB940021DC34A0E00157FEC /* UIButton+WebCache.m */ = {isa = PBXFileReference; fileEncoding = 4; lastKnownFileType = sourcecode.c.objc; path = "UIButton+WebCache.m"; sourceTree = "<group>"; };
		3FB940031DC34A0E00157FEC /* UIImage+GIF.h */ = {isa = PBXFileReference; fileEncoding = 4; lastKnownFileType = sourcecode.c.h; path = "UIImage+GIF.h"; sourceTree = "<group>"; };
		3FB940041DC34A0E00157FEC /* UIImage+GIF.m */ = {isa = PBXFileReference; fileEncoding = 4; lastKnownFileType = sourcecode.c.objc; path = "UIImage+GIF.m"; sourceTree = "<group>"; };
		3FB940051DC34A0E00157FEC /* UIImage+MultiFormat.h */ = {isa = PBXFileReference; fileEncoding = 4; lastKnownFileType = sourcecode.c.h; path = "UIImage+MultiFormat.h"; sourceTree = "<group>"; };
		3FB940061DC34A0E00157FEC /* UIImage+MultiFormat.m */ = {isa = PBXFileReference; fileEncoding = 4; lastKnownFileType = sourcecode.c.objc; path = "UIImage+MultiFormat.m"; sourceTree = "<group>"; };
		3FB940071DC34A0E00157FEC /* UIImageView+HighlightedWebCache.h */ = {isa = PBXFileReference; fileEncoding = 4; lastKnownFileType = sourcecode.c.h; path = "UIImageView+HighlightedWebCache.h"; sourceTree = "<group>"; };
		3FB940081DC34A0E00157FEC /* UIImageView+HighlightedWebCache.m */ = {isa = PBXFileReference; fileEncoding = 4; lastKnownFileType = sourcecode.c.objc; path = "UIImageView+HighlightedWebCache.m"; sourceTree = "<group>"; };
		3FB940091DC34A0E00157FEC /* UIImageView+WebCache.h */ = {isa = PBXFileReference; fileEncoding = 4; lastKnownFileType = sourcecode.c.h; path = "UIImageView+WebCache.h"; sourceTree = "<group>"; };
		3FB9400A1DC34A0E00157FEC /* UIImageView+WebCache.m */ = {isa = PBXFileReference; fileEncoding = 4; lastKnownFileType = sourcecode.c.objc; path = "UIImageView+WebCache.m"; sourceTree = "<group>"; };
		3FB9400B1DC34A0E00157FEC /* UIView+WebCacheOperation.h */ = {isa = PBXFileReference; fileEncoding = 4; lastKnownFileType = sourcecode.c.h; path = "UIView+WebCacheOperation.h"; sourceTree = "<group>"; };
		3FB9400C1DC34A0E00157FEC /* UIView+WebCacheOperation.m */ = {isa = PBXFileReference; fileEncoding = 4; lastKnownFileType = sourcecode.c.objc; path = "UIView+WebCacheOperation.m"; sourceTree = "<group>"; };
		3FB940221DC34B7C00157FEC /* BezViewController.h */ = {isa = PBXFileReference; fileEncoding = 4; lastKnownFileType = sourcecode.c.h; path = BezViewController.h; sourceTree = "<group>"; };
		3FB940231DC34B7C00157FEC /* BezViewController.m */ = {isa = PBXFileReference; fileEncoding = 4; lastKnownFileType = sourcecode.c.objc; path = BezViewController.m; sourceTree = "<group>"; };
/* End PBXFileReference section */

/* Begin PBXFrameworksBuildPhase section */
		3F7CC42F1DC206A30041605C /* Frameworks */ = {
			isa = PBXFrameworksBuildPhase;
			buildActionMask = 2147483647;
			files = (
				3F7CC4841DC21F380041605C /* libsqlite3.tbd in Frameworks */,
			);
			runOnlyForDeploymentPostprocessing = 0;
		};
		3F7CC4421DC206A30041605C /* Frameworks */ = {
			isa = PBXFrameworksBuildPhase;
			buildActionMask = 2147483647;
			files = (
			);
			runOnlyForDeploymentPostprocessing = 0;
		};
		3F7CC44D1DC206A30041605C /* Frameworks */ = {
			isa = PBXFrameworksBuildPhase;
			buildActionMask = 2147483647;
			files = (
			);
			runOnlyForDeploymentPostprocessing = 0;
		};
/* End PBXFrameworksBuildPhase section */

/* Begin PBXGroup section */
		3F7CC4291DC206A30041605C = {
			isa = PBXGroup;
			children = (
				3F7CC4831DC21F380041605C /* libsqlite3.tbd */,
				3F7CC4341DC206A30041605C /* Soulscour */,
				3F7CC4481DC206A30041605C /* SoulscourTests */,
				3F7CC4531DC206A30041605C /* SoulscourUITests */,
				3F7CC4331DC206A30041605C /* Products */,
			);
			sourceTree = "<group>";
		};
		3F7CC4331DC206A30041605C /* Products */ = {
			isa = PBXGroup;
			children = (
				3F7CC4321DC206A30041605C /* Soulscour.app */,
				3F7CC4451DC206A30041605C /* SoulscourTests.xctest */,
				3F7CC4501DC206A30041605C /* SoulscourUITests.xctest */,
			);
			name = Products;
			sourceTree = "<group>";
		};
		3F7CC4341DC206A30041605C /* Soulscour */ = {
			isa = PBXGroup;
			children = (
				3F7CC4381DC206A30041605C /* AppDelegate.h */,
				3F7CC4391DC206A30041605C /* AppDelegate.m */,
				3F7CC43B1DC206A30041605C /* Assets.xcassets */,
				3F7CC43D1DC206A30041605C /* LaunchScreen.storyboard */,
				3F7CC4401DC206A30041605C /* Info.plist */,
				3F7CC4351DC206A30041605C /* Supporting Files */,
				3F7CC4621DC21E2E0041605C /* Poe */,
				3FB93FDC1DC349B200157FEC /* Bea */,
				3F7CC48A1DC221CD0041605C /* Other */,
				3F7CC4941DC235730041605C /* Tag.h */,
				3F7CC4951DC235730041605C /* Tag.m */,
			);
			path = Soulscour;
			sourceTree = "<group>";
		};
		3F7CC4351DC206A30041605C /* Supporting Files */ = {
			isa = PBXGroup;
			children = (
				3F7CC4361DC206A30041605C /* main.m */,
			);
			name = "Supporting Files";
			sourceTree = "<group>";
		};
		3F7CC4481DC206A30041605C /* SoulscourTests */ = {
			isa = PBXGroup;
			children = (
				3F7CC4491DC206A30041605C /* SoulscourTests.m */,
				3F7CC44B1DC206A30041605C /* Info.plist */,
			);
			path = SoulscourTests;
			sourceTree = "<group>";
		};
		3F7CC4531DC206A30041605C /* SoulscourUITests */ = {
			isa = PBXGroup;
			children = (
				3F7CC4541DC206A30041605C /* SoulscourUITests.m */,
				3F7CC4561DC206A30041605C /* Info.plist */,
			);
			path = SoulscourUITests;
			sourceTree = "<group>";
		};
		3F7CC4621DC21E2E0041605C /* Poe */ = {
			isa = PBXGroup;
			children = (
				3F7CC4631DC21E4C0041605C /* 未收藏.png */,
				3F7CC4641DC21E4C0041605C /* 已收藏.png */,
				3F7CC4651DC21E4C0041605C /* fmdb */,
				3F7CC4711DC21E4C0041605C /* PoeModel.h */,
				3F7CC4721DC21E4C0041605C /* PoeModel.m */,
				3F7CC4731DC21E4C0041605C /* PoeTool.h */,
				3F7CC4741DC21E4C0041605C /* PoeTool.m */,
				3F7CC4751DC21E4C0041605C /* PoeViewController.h */,
				3F7CC4761DC21E4C0041605C /* PoeViewController.m */,
				3F7CC4771DC21E4C0041605C /* PoeViewController.xib */,
			);
			name = Poe;
			sourceTree = "<group>";
		};
		3F7CC4651DC21E4C0041605C /* fmdb */ = {
			isa = PBXGroup;
			children = (
				3F7CC4661DC21E4C0041605C /* FMDatabase.h */,
				3F7CC4671DC21E4C0041605C /* FMDatabase.m */,
				3F7CC4681DC21E4C0041605C /* FMDatabaseAdditions.h */,
				3F7CC4691DC21E4C0041605C /* FMDatabaseAdditions.m */,
				3F7CC46A1DC21E4C0041605C /* FMDatabasePool.h */,
				3F7CC46B1DC21E4C0041605C /* FMDatabasePool.m */,
				3F7CC46C1DC21E4C0041605C /* FMDatabaseQueue.h */,
				3F7CC46D1DC21E4C0041605C /* FMDatabaseQueue.m */,
				3F7CC46E1DC21E4C0041605C /* FMDB.h */,
				3F7CC46F1DC21E4C0041605C /* FMResultSet.h */,
				3F7CC4701DC21E4C0041605C /* FMResultSet.m */,
			);
			path = fmdb;
			sourceTree = "<group>";
		};
		3F7CC48A1DC221CD0041605C /* Other */ = {
			isa = PBXGroup;
			children = (
				3F7CC4851DC221C70041605C /* OtherViewController.h */,
				3F7CC4861DC221C70041605C /* OtherViewController.m */,
				3F7CC4871DC221C70041605C /* OtherViewController.xib */,
			);
			name = Other;
			sourceTree = "<group>";
		};
		3FB93FDC1DC349B200157FEC /* Bea */ = {
			isa = PBXGroup;
			children = (
				3FB93FE11DC34A0E00157FEC /* CHCardView */,
				3FB93FEC1DC34A0E00157FEC /* SDWebImage1 */,
				3FB93FDD1DC349E100157FEC /* 书本2.png */,
				3FB93FDE1DC349E100157FEC /* 书本.png */,
				3FB940221DC34B7C00157FEC /* BezViewController.h */,
				3FB940231DC34B7C00157FEC /* BezViewController.m */,
			);
			name = Bea;
			sourceTree = "<group>";
		};
		3FB93FE11DC34A0E00157FEC /* CHCardView */ = {
			isa = PBXGroup;
			children = (
				3FB93FE21DC34A0E00157FEC /* CHCardItemCustomView.h */,
				3FB93FE31DC34A0E00157FEC /* CHCardItemCustomView.m */,
				3FB93FE41DC34A0E00157FEC /* CHCardItemModel.h */,
				3FB93FE51DC34A0E00157FEC /* CHCardItemModel.m */,
				3FB93FE61DC34A0E00157FEC /* CHCardItemView.h */,
				3FB93FE71DC34A0E00157FEC /* CHCardItemView.m */,
				3FB93FE81DC34A0E00157FEC /* CHCardView.h */,
				3FB93FE91DC34A0E00157FEC /* CHCardView.m */,
			);
			path = CHCardView;
			sourceTree = "<group>";
		};
		3FB93FEC1DC34A0E00157FEC /* SDWebImage1 */ = {
			isa = PBXGroup;
			children = (
				3FB93FED1DC34A0E00157FEC /* LICENSE */,
				3FB93FEE1DC34A0E00157FEC /* README.md */,
				3FB93FEF1DC34A0E00157FEC /* SDWebImage */,
			);
			path = SDWebImage1;
			sourceTree = "<group>";
		};
		3FB93FEF1DC34A0E00157FEC /* SDWebImage */ = {
			isa = PBXGroup;
			children = (
				3FB93FF01DC34A0E00157FEC /* NSData+ImageContentType.h */,
				3FB93FF11DC34A0E00157FEC /* NSData+ImageContentType.m */,
				3FB93FF21DC34A0E00157FEC /* SDImageCache.h */,
				3FB93FF31DC34A0E00157FEC /* SDImageCache.m */,
				3FB93FF41DC34A0E00157FEC /* SDWebImageCompat.h */,
				3FB93FF51DC34A0E00157FEC /* SDWebImageCompat.m */,
				3FB93FF61DC34A0E00157FEC /* SDWebImageDecoder.h */,
				3FB93FF71DC34A0E00157FEC /* SDWebImageDecoder.m */,
				3FB93FF81DC34A0E00157FEC /* SDWebImageDownloader.h */,
				3FB93FF91DC34A0E00157FEC /* SDWebImageDownloader.m */,
				3FB93FFA1DC34A0E00157FEC /* SDWebImageDownloaderOperation.h */,
				3FB93FFB1DC34A0E00157FEC /* SDWebImageDownloaderOperation.m */,
				3FB93FFC1DC34A0E00157FEC /* SDWebImageManager.h */,
				3FB93FFD1DC34A0E00157FEC /* SDWebImageManager.m */,
				3FB93FFE1DC34A0E00157FEC /* SDWebImageOperation.h */,
				3FB93FFF1DC34A0E00157FEC /* SDWebImagePrefetcher.h */,
				3FB940001DC34A0E00157FEC /* SDWebImagePrefetcher.m */,
				3FB940011DC34A0E00157FEC /* UIButton+WebCache.h */,
				3FB940021DC34A0E00157FEC /* UIButton+WebCache.m */,
				3FB940031DC34A0E00157FEC /* UIImage+GIF.h */,
				3FB940041DC34A0E00157FEC /* UIImage+GIF.m */,
				3FB940051DC34A0E00157FEC /* UIImage+MultiFormat.h */,
				3FB940061DC34A0E00157FEC /* UIImage+MultiFormat.m */,
				3FB940071DC34A0E00157FEC /* UIImageView+HighlightedWebCache.h */,
				3FB940081DC34A0E00157FEC /* UIImageView+HighlightedWebCache.m */,
				3FB940091DC34A0E00157FEC /* UIImageView+WebCache.h */,
				3FB9400A1DC34A0E00157FEC /* UIImageView+WebCache.m */,
				3FB9400B1DC34A0E00157FEC /* UIView+WebCacheOperation.h */,
				3FB9400C1DC34A0E00157FEC /* UIView+WebCacheOperation.m */,
			);
			path = SDWebImage;
			sourceTree = "<group>";
		};
/* End PBXGroup section */

/* Begin PBXNativeTarget section */
		3F7CC4311DC206A30041605C /* Soulscour */ = {
			isa = PBXNativeTarget;
			buildConfigurationList = 3F7CC4591DC206A30041605C /* Build configuration list for PBXNativeTarget "Soulscour" */;
			buildPhases = (
				3F7CC42E1DC206A30041605C /* Sources */,
				3F7CC42F1DC206A30041605C /* Frameworks */,
				3F7CC4301DC206A30041605C /* Resources */,
			);
			buildRules = (
			);
			dependencies = (
			);
			name = Soulscour;
			productName = Soulscour;
			productReference = 3F7CC4321DC206A30041605C /* Soulscour.app */;
			productType = "com.apple.product-type.application";
		};
		3F7CC4441DC206A30041605C /* SoulscourTests */ = {
			isa = PBXNativeTarget;
			buildConfigurationList = 3F7CC45C1DC206A30041605C /* Build configuration list for PBXNativeTarget "SoulscourTests" */;
			buildPhases = (
				3F7CC4411DC206A30041605C /* Sources */,
				3F7CC4421DC206A30041605C /* Frameworks */,
				3F7CC4431DC206A30041605C /* Resources */,
			);
			buildRules = (
			);
			dependencies = (
				3F7CC4471DC206A30041605C /* PBXTargetDependency */,
			);
			name = SoulscourTests;
			productName = SoulscourTests;
			productReference = 3F7CC4451DC206A30041605C /* SoulscourTests.xctest */;
			productType = "com.apple.product-type.bundle.unit-test";
		};
		3F7CC44F1DC206A30041605C /* SoulscourUITests */ = {
			isa = PBXNativeTarget;
			buildConfigurationList = 3F7CC45F1DC206A30041605C /* Build configuration list for PBXNativeTarget "SoulscourUITests" */;
			buildPhases = (
				3F7CC44C1DC206A30041605C /* Sources */,
				3F7CC44D1DC206A30041605C /* Frameworks */,
				3F7CC44E1DC206A30041605C /* Resources */,
			);
			buildRules = (
			);
			dependencies = (
				3F7CC4521DC206A30041605C /* PBXTargetDependency */,
			);
			name = SoulscourUITests;
			productName = SoulscourUITests;
			productReference = 3F7CC4501DC206A30041605C /* SoulscourUITests.xctest */;
			productType = "com.apple.product-type.bundle.ui-testing";
		};
/* End PBXNativeTarget section */

/* Begin PBXProject section */
		3F7CC42A1DC206A30041605C /* Project object */ = {
			isa = PBXProject;
			attributes = {
				LastUpgradeCheck = 0700;
				ORGANIZATIONNAME = lanou;
				TargetAttributes = {
					3F7CC4311DC206A30041605C = {
						CreatedOnToolsVersion = 7.0.1;
						DevelopmentTeam = K69T45G5TL;
					};
					3F7CC4441DC206A30041605C = {
						CreatedOnToolsVersion = 7.0.1;
						DevelopmentTeam = K69T45G5TL;
						TestTargetID = 3F7CC4311DC206A30041605C;
					};
					3F7CC44F1DC206A30041605C = {
						CreatedOnToolsVersion = 7.0.1;
						DevelopmentTeam = K69T45G5TL;
						TestTargetID = 3F7CC4311DC206A30041605C;
					};
				};
			};
			buildConfigurationList = 3F7CC42D1DC206A30041605C /* Build configuration list for PBXProject "Soulscour" */;
			compatibilityVersion = "Xcode 3.2";
			developmentRegion = English;
			hasScannedForEncodings = 0;
			knownRegions = (
				en,
				Base,
			);
			mainGroup = 3F7CC4291DC206A30041605C;
			productRefGroup = 3F7CC4331DC206A30041605C /* Products */;
			projectDirPath = "";
			projectRoot = "";
			targets = (
				3F7CC4311DC206A30041605C /* Soulscour */,
				3F7CC4441DC206A30041605C /* SoulscourTests */,
				3F7CC44F1DC206A30041605C /* SoulscourUITests */,
			);
		};
/* End PBXProject section */

/* Begin PBXResourcesBuildPhase section */
		3F7CC4301DC206A30041605C /* Resources */ = {
			isa = PBXResourcesBuildPhase;
			buildActionMask = 2147483647;
			files = (
				3F7CC4821DC21E4C0041605C /* PoeViewController.xib in Resources */,
				3FB93FDF1DC349E100157FEC /* 书本2.png in Resources */,
				3F7CC4891DC221C70041605C /* OtherViewController.xib in Resources */,
				3FB93FE01DC349E100157FEC /* 书本.png in Resources */,
				3F7CC4781DC21E4C0041605C /* 未收藏.png in Resources */,
				3F7CC4791DC21E4C0041605C /* 已收藏.png in Resources */,
				3FB940121DC34A0E00157FEC /* LICENSE in Resources */,
				3F7CC43C1DC206A30041605C /* Assets.xcassets in Resources */,
				3F7CC43F1DC206A30041605C /* LaunchScreen.storyboard in Resources */,
			);
			runOnlyForDeploymentPostprocessing = 0;
		};
		3F7CC4431DC206A30041605C /* Resources */ = {
			isa = PBXResourcesBuildPhase;
			buildActionMask = 2147483647;
			files = (
			);
			runOnlyForDeploymentPostprocessing = 0;
		};
		3F7CC44E1DC206A30041605C /* Resources */ = {
			isa = PBXResourcesBuildPhase;
			buildActionMask = 2147483647;
			files = (
			);
			runOnlyForDeploymentPostprocessing = 0;
		};
/* End PBXResourcesBuildPhase section */

/* Begin PBXSourcesBuildPhase section */
		3F7CC42E1DC206A30041605C /* Sources */ = {
			isa = PBXSourcesBuildPhase;
			buildActionMask = 2147483647;
			files = (
				3FB940181DC34A0E00157FEC /* SDWebImageDownloader.m in Sources */,
				3FB9400F1DC34A0E00157FEC /* CHCardItemView.m in Sources */,
				3F7CC47A1DC21E4C0041605C /* FMDatabase.m in Sources */,
				3FB9401B1DC34A0E00157FEC /* SDWebImagePrefetcher.m in Sources */,
				3FB9400D1DC34A0E00157FEC /* CHCardItemCustomView.m in Sources */,
				3F7CC43A1DC206A30041605C /* AppDelegate.m in Sources */,
				3FB9401E1DC34A0E00157FEC /* UIImage+MultiFormat.m in Sources */,
				3F7CC4881DC221C70041605C /* OtherViewController.m in Sources */,
				3FB940131DC34A0E00157FEC /* README.md in Sources */,
				3F7CC47F1DC21E4C0041605C /* PoeModel.m in Sources */,
				3FB9400E1DC34A0E00157FEC /* CHCardItemModel.m in Sources */,
				3FB940101DC34A0E00157FEC /* CHCardView.m in Sources */,
				3F7CC4811DC21E4C0041605C /* PoeViewController.m in Sources */,
				3FB940201DC34A0E00157FEC /* UIImageView+WebCache.m in Sources */,
				3F7CC4801DC21E4C0041605C /* PoeTool.m in Sources */,
				3F7CC47E1DC21E4C0041605C /* FMResultSet.m in Sources */,
				3FB940141DC34A0E00157FEC /* NSData+ImageContentType.m in Sources */,
				3F7CC47C1DC21E4C0041605C /* FMDatabasePool.m in Sources */,
				3FB9401F1DC34A0E00157FEC /* UIImageView+HighlightedWebCache.m in Sources */,
				3F7CC4961DC235730041605C /* Tag.m in Sources */,
				3FB9401A1DC34A0E00157FEC /* SDWebImageManager.m in Sources */,
				3FB940171DC34A0E00157FEC /* SDWebImageDecoder.m in Sources */,
				3FB940191DC34A0E00157FEC /* SDWebImageDownloaderOperation.m in Sources */,
				3F7CC4371DC206A30041605C /* main.m in Sources */,
				3F7CC47B1DC21E4C0041605C /* FMDatabaseAdditions.m in Sources */,
				3FB940241DC34B7C00157FEC /* BezViewController.m in Sources */,
				3F7CC47D1DC21E4C0041605C /* FMDatabaseQueue.m in Sources */,
				3FB940161DC34A0E00157FEC /* SDWebImageCompat.m in Sources */,
				3FB940211DC34A0E00157FEC /* UIView+WebCacheOperation.m in Sources */,
				3FB9401C1DC34A0E00157FEC /* UIButton+WebCache.m in Sources */,
				3FB9401D1DC34A0E00157FEC /* UIImage+GIF.m in Sources */,
				3FB940151DC34A0E00157FEC /* SDImageCache.m in Sources */,
			);
			runOnlyForDeploymentPostprocessing = 0;
		};
		3F7CC4411DC206A30041605C /* Sources */ = {
			isa = PBXSourcesBuildPhase;
			buildActionMask = 2147483647;
			files = (
				3F7CC44A1DC206A30041605C /* SoulscourTests.m in Sources */,
			);
			runOnlyForDeploymentPostprocessing = 0;
		};
		3F7CC44C1DC206A30041605C /* Sources */ = {
			isa = PBXSourcesBuildPhase;
			buildActionMask = 2147483647;
			files = (
				3F7CC4551DC206A30041605C /* SoulscourUITests.m in Sources */,
			);
			runOnlyForDeploymentPostprocessing = 0;
		};
/* End PBXSourcesBuildPhase section */

/* Begin PBXTargetDependency section */
		3F7CC4471DC206A30041605C /* PBXTargetDependency */ = {
			isa = PBXTargetDependency;
			target = 3F7CC4311DC206A30041605C /* Soulscour */;
			targetProxy = 3F7CC4461DC206A30041605C /* PBXContainerItemProxy */;
		};
		3F7CC4521DC206A30041605C /* PBXTargetDependency */ = {
			isa = PBXTargetDependency;
			target = 3F7CC4311DC206A30041605C /* Soulscour */;
			targetProxy = 3F7CC4511DC206A30041605C /* PBXContainerItemProxy */;
		};
/* End PBXTargetDependency section */

/* Begin PBXVariantGroup section */
		3F7CC43D1DC206A30041605C /* LaunchScreen.storyboard */ = {
			isa = PBXVariantGroup;
			children = (
				3F7CC43E1DC206A30041605C /* Base */,
			);
			name = LaunchScreen.storyboard;
			sourceTree = "<group>";
		};
/* End PBXVariantGroup section */

/* Begin XCBuildConfiguration section */
		3F7CC4571DC206A30041605C /* Debug */ = {
			isa = XCBuildConfiguration;
			buildSettings = {
				ALWAYS_SEARCH_USER_PATHS = NO;
				CLANG_CXX_LANGUAGE_STANDARD = "gnu++0x";
				CLANG_CXX_LIBRARY = "libc++";
				CLANG_ENABLE_MODULES = YES;
				CLANG_ENABLE_OBJC_ARC = YES;
				CLANG_WARN_BOOL_CONVERSION = YES;
				CLANG_WARN_CONSTANT_CONVERSION = YES;
				CLANG_WARN_DIRECT_OBJC_ISA_USAGE = YES_ERROR;
				CLANG_WARN_EMPTY_BODY = YES;
				CLANG_WARN_ENUM_CONVERSION = YES;
				CLANG_WARN_INT_CONVERSION = YES;
				CLANG_WARN_OBJC_ROOT_CLASS = YES_ERROR;
				CLANG_WARN_UNREACHABLE_CODE = YES;
				CLANG_WARN__DUPLICATE_METHOD_MATCH = YES;
				"CODE_SIGN_IDENTITY[sdk=iphoneos*]" = "iPhone Developer";
				COPY_PHASE_STRIP = NO;
				DEBUG_INFORMATION_FORMAT = dwarf;
				ENABLE_STRICT_OBJC_MSGSEND = YES;
				ENABLE_TESTABILITY = YES;
				GCC_C_LANGUAGE_STANDARD = gnu99;
				GCC_DYNAMIC_NO_PIC = NO;
				GCC_NO_COMMON_BLOCKS = YES;
				GCC_OPTIMIZATION_LEVEL = 0;
				GCC_PREPROCESSOR_DEFINITIONS = (
					"DEBUG=1",
					"$(inherited)",
				);
				GCC_WARN_64_TO_32_BIT_CONVERSION = YES;
				GCC_WARN_ABOUT_RETURN_TYPE = YES_ERROR;
				GCC_WARN_UNDECLARED_SELECTOR = YES;
				GCC_WARN_UNINITIALIZED_AUTOS = YES_AGGRESSIVE;
				GCC_WARN_UNUSED_FUNCTION = YES;
				GCC_WARN_UNUSED_VARIABLE = YES;
				IPHONEOS_DEPLOYMENT_TARGET = 9.0;
				MTL_ENABLE_DEBUG_INFO = YES;
				ONLY_ACTIVE_ARCH = YES;
				SDKROOT = iphoneos;
			};
			name = Debug;
		};
		3F7CC4581DC206A30041605C /* Release */ = {
			isa = XCBuildConfiguration;
			buildSettings = {
				ALWAYS_SEARCH_USER_PATHS = NO;
				CLANG_CXX_LANGUAGE_STANDARD = "gnu++0x";
				CLANG_CXX_LIBRARY = "libc++";
				CLANG_ENABLE_MODULES = YES;
				CLANG_ENABLE_OBJC_ARC = YES;
				CLANG_WARN_BOOL_CONVERSION = YES;
				CLANG_WARN_CONSTANT_CONVERSION = YES;
				CLANG_WARN_DIRECT_OBJC_ISA_USAGE = YES_ERROR;
				CLANG_WARN_EMPTY_BODY = YES;
				CLANG_WARN_ENUM_CONVERSION = YES;
				CLANG_WARN_INT_CONVERSION = YES;
				CLANG_WARN_OBJC_ROOT_CLASS = YES_ERROR;
				CLANG_WARN_UNREACHABLE_CODE = YES;
				CLANG_WARN__DUPLICATE_METHOD_MATCH = YES;
				"CODE_SIGN_IDENTITY[sdk=iphoneos*]" = "iPhone Developer";
				COPY_PHASE_STRIP = NO;
				DEBUG_INFORMATION_FORMAT = "dwarf-with-dsym";
				ENABLE_NS_ASSERTIONS = NO;
				ENABLE_STRICT_OBJC_MSGSEND = YES;
				GCC_C_LANGUAGE_STANDARD = gnu99;
				GCC_NO_COMMON_BLOCKS = YES;
				GCC_WARN_64_TO_32_BIT_CONVERSION = YES;
				GCC_WARN_ABOUT_RETURN_TYPE = YES_ERROR;
				GCC_WARN_UNDECLARED_SELECTOR = YES;
				GCC_WARN_UNINITIALIZED_AUTOS = YES_AGGRESSIVE;
				GCC_WARN_UNUSED_FUNCTION = YES;
				GCC_WARN_UNUSED_VARIABLE = YES;
				IPHONEOS_DEPLOYMENT_TARGET = 9.0;
				MTL_ENABLE_DEBUG_INFO = NO;
				SDKROOT = iphoneos;
				VALIDATE_PRODUCT = YES;
			};
			name = Release;
		};
		3F7CC45A1DC206A30041605C /* Debug */ = {
			isa = XCBuildConfiguration;
			buildSettings = {
				ASSETCATALOG_COMPILER_APPICON_NAME = AppIcon;
				INFOPLIST_FILE = Soulscour/Info.plist;
				LD_RUNPATH_SEARCH_PATHS = "$(inherited) @executable_path/Frameworks";
				PRODUCT_BUNDLE_IDENTIFIER = lf.Soulscour;
				PRODUCT_NAME = "$(TARGET_NAME)";
			};
			name = Debug;
		};
		3F7CC45B1DC206A30041605C /* Release */ = {
			isa = XCBuildConfiguration;
			buildSettings = {
				ASSETCATALOG_COMPILER_APPICON_NAME = AppIcon;
				INFOPLIST_FILE = Soulscour/Info.plist;
				LD_RUNPATH_SEARCH_PATHS = "$(inherited) @executable_path/Frameworks";
				PRODUCT_BUNDLE_IDENTIFIER = lf.Soulscour;
				PRODUCT_NAME = "$(TARGET_NAME)";
			};
			name = Release;
		};
		3F7CC45D1DC206A30041605C /* Debug */ = {
			isa = XCBuildConfiguration;
			buildSettings = {
				BUNDLE_LOADER = "$(TEST_HOST)";
				INFOPLIST_FILE = SoulscourTests/Info.plist;
				LD_RUNPATH_SEARCH_PATHS = "$(inherited) @executable_path/Frameworks @loader_path/Frameworks";
				PRODUCT_BUNDLE_IDENTIFIER = llll.SoulscourTests;
				PRODUCT_NAME = "$(TARGET_NAME)";
				TEST_HOST = "$(BUILT_PRODUCTS_DIR)/Soulscour.app/Soulscour";
			};
			name = Debug;
		};
		3F7CC45E1DC206A30041605C /* Release */ = {
			isa = XCBuildConfiguration;
			buildSettings = {
				BUNDLE_LOADER = "$(TEST_HOST)";
				INFOPLIST_FILE = SoulscourTests/Info.plist;
				LD_RUNPATH_SEARCH_PATHS = "$(inherited) @executable_path/Frameworks @loader_path/Frameworks";
				PRODUCT_BUNDLE_IDENTIFIER = llll.SoulscourTests;
				PRODUCT_NAME = "$(TARGET_NAME)";
				TEST_HOST = "$(BUILT_PRODUCTS_DIR)/Soulscour.app/Soulscour";
			};
			name = Release;
		};
		3F7CC4601DC206A30041605C /* Debug */ = {
			isa = XCBuildConfiguration;
			buildSettings = {
				INFOPLIST_FILE = SoulscourUITests/Info.plist;
				LD_RUNPATH_SEARCH_PATHS = "$(inherited) @executable_path/Frameworks @loader_path/Frameworks";
				PRODUCT_BUNDLE_IDENTIFIER = llll.SoulscourUITests;
				PRODUCT_NAME = "$(TARGET_NAME)";
				TEST_TARGET_NAME = Soulscour;
				USES_XCTRUNNER = YES;
			};
			name = Debug;
		};
		3F7CC4611DC206A30041605C /* Release */ = {
			isa = XCBuildConfiguration;
			buildSettings = {
				INFOPLIST_FILE = SoulscourUITests/Info.plist;
				LD_RUNPATH_SEARCH_PATHS = "$(inherited) @executable_path/Frameworks @loader_path/Frameworks";
				PRODUCT_BUNDLE_IDENTIFIER = llll.SoulscourUITests;
				PRODUCT_NAME = "$(TARGET_NAME)";
				TEST_TARGET_NAME = Soulscour;
				USES_XCTRUNNER = YES;
			};
			name = Release;
		};
/* End XCBuildConfiguration section */

/* Begin XCConfigurationList section */
		3F7CC42D1DC206A30041605C /* Build configuration list for PBXProject "Soulscour" */ = {
			isa = XCConfigurationList;
			buildConfigurations = (
				3F7CC4571DC206A30041605C /* Debug */,
				3F7CC4581DC206A30041605C /* Release */,
			);
			defaultConfigurationIsVisible = 0;
			defaultConfigurationName = Release;
		};
		3F7CC4591DC206A30041605C /* Build configuration list for PBXNativeTarget "Soulscour" */ = {
			isa = XCConfigurationList;
			buildConfigurations = (
				3F7CC45A1DC206A30041605C /* Debug */,
				3F7CC45B1DC206A30041605C /* Release */,
			);
			defaultConfigurationIsVisible = 0;
			defaultConfigurationName = Release;
		};
		3F7CC45C1DC206A30041605C /* Build configuration list for PBXNativeTarget "SoulscourTests" */ = {
			isa = XCConfigurationList;
			buildConfigurations = (
				3F7CC45D1DC206A30041605C /* Debug */,
				3F7CC45E1DC206A30041605C /* Release */,
			);
			defaultConfigurationIsVisible = 0;
			defaultConfigurationName = Release;
		};
		3F7CC45F1DC206A30041605C /* Build configuration list for PBXNativeTarget "SoulscourUITests" */ = {
			isa = XCConfigurationList;
			buildConfigurations = (
				3F7CC4601DC206A30041605C /* Debug */,
				3F7CC4611DC206A30041605C /* Release */,
			);
			defaultConfigurationIsVisible = 0;
			defaultConfigurationName = Release;
		};
/* End XCConfigurationList section */
	};
	rootObject = 3F7CC42A1DC206A30041605C /* Project object */;
}
